
Microsoft Visual Studio Solution File, Format Version 12.00
# Visual Studio Version 17
VisualStudioVersion = 17.5.002.0
MinimumVisualStudioVersion = 10.0.40219.1
Project("{9A19103F-16F7-4668-BE54-9A1E7A4F7556}") = "ShopXPress.Api", "ShopXPress.Api.csproj", "{A66DF2D5-04EC-4282-8F72-8D48906CF379}"
EndProject
Global
	GlobalSection(SolutionConfigurationPlatforms) = preSolution
		Debug|Any CPU = Debug|Any CPU
		Release|Any CPU = Release|Any CPU
	EndGlobalSection
	GlobalSection(ProjectConfigurationPlatforms) = postSolution
		{A66DF2D5-04EC-4282-8F72-8D48906CF379}.Debug|Any CPU.ActiveCfg = Debug|Any CPU
		{A66DF2D5-04EC-4282-8F72-8D48906CF379}.Debug|Any CPU.Build.0 = Debug|Any CPU
		{A66DF2D5-04EC-4282-8F72-8D48906CF379}.Release|Any CPU.ActiveCfg = Release|Any CPU
		{A66DF2D5-04EC-4282-8F72-8D48906CF379}.Release|Any CPU.Build.0 = Release|Any CPU
	EndGlobalSection
	GlobalSection(SolutionProperties) = preSolution
		HideSolutionNode = FALSE
	EndGlobalSection
	GlobalSection(ExtensibilityGlobals) = postSolution
		SolutionGuid = {FE4B60C6-F26E-4462-94AC-BCD4C79A206D}
	EndGlobalSection
EndGlobal
